
Microsoft Visual Studio Solution File, Format Version 12.00
# Visual Studio Version 17
VisualStudioVersion = 17.9.34728.123
MinimumVisualStudioVersion = 10.0.40219.1
Project("{9A19103F-16F7-4668-BE54-9A1E7A4F7556}") = "62-41-Architecture-G42024", "62-41-Architecture-G42024\62-41-Architecture-G42024.csproj", "{75570051-AD47-4740-AED1-7FAC894F4E3C}"
EndProject
Project("{9A19103F-16F7-4668-BE54-9A1E7A4F7556}") = "DAL", "DAL\DAL.csproj", "{ACAE8773-E98B-4ED1-8FF9-FFB44A2B1208}"
EndProject
Project("{9A19103F-16F7-4668-BE54-9A1E7A4F7556}") = "MVC", "MVC\MVC.csproj", "{355F656B-348F-4E71-9B54-50B0D656D642}"
EndProject
Project("{FAE04EC0-301F-11D3-BF4B-00C04F79EFBC}") = "WebApi", "WebApi\WebApi.csproj", "{681BA872-CA92-4708-A84B-1F7A6B8060C3}"
EndProject
Project("{FAE04EC0-301F-11D3-BF4B-00C04F79EFBC}") = "DTO", "DTO\DTO.csproj", "{886EB712-4275-4A12-AB13-9B0581BDA98E}"
EndProject
Global
	GlobalSection(SolutionConfigurationPlatforms) = preSolution
		Debug|Any CPU = Debug|Any CPU
		Release|Any CPU = Release|Any CPU
	EndGlobalSection
	GlobalSection(ProjectConfigurationPlatforms) = postSolution
		{75570051-AD47-4740-AED1-7FAC894F4E3C}.Debug|Any CPU.ActiveCfg = Debug|Any CPU
		{75570051-AD47-4740-AED1-7FAC894F4E3C}.Debug|Any CPU.Build.0 = Debug|Any CPU
		{75570051-AD47-4740-AED1-7FAC894F4E3C}.Release|Any CPU.ActiveCfg = Release|Any CPU
		{75570051-AD47-4740-AED1-7FAC894F4E3C}.Release|Any CPU.Build.0 = Release|Any CPU
		{ACAE8773-E98B-4ED1-8FF9-FFB44A2B1208}.Debug|Any CPU.ActiveCfg = Debug|Any CPU
		{ACAE8773-E98B-4ED1-8FF9-FFB44A2B1208}.Debug|Any CPU.Build.0 = Debug|Any CPU
		{ACAE8773-E98B-4ED1-8FF9-FFB44A2B1208}.Release|Any CPU.ActiveCfg = Release|Any CPU
		{ACAE8773-E98B-4ED1-8FF9-FFB44A2B1208}.Release|Any CPU.Build.0 = Release|Any CPU
		{355F656B-348F-4E71-9B54-50B0D656D642}.Debug|Any CPU.ActiveCfg = Debug|Any CPU
		{355F656B-348F-4E71-9B54-50B0D656D642}.Debug|Any CPU.Build.0 = Debug|Any CPU
		{355F656B-348F-4E71-9B54-50B0D656D642}.Release|Any CPU.ActiveCfg = Release|Any CPU
		{355F656B-348F-4E71-9B54-50B0D656D642}.Release|Any CPU.Build.0 = Release|Any CPU
		{681BA872-CA92-4708-A84B-1F7A6B8060C3}.Debug|Any CPU.ActiveCfg = Debug|Any CPU
		{681BA872-CA92-4708-A84B-1F7A6B8060C3}.Debug|Any CPU.Build.0 = Debug|Any CPU
		{681BA872-CA92-4708-A84B-1F7A6B8060C3}.Release|Any CPU.ActiveCfg = Release|Any CPU
		{681BA872-CA92-4708-A84B-1F7A6B8060C3}.Release|Any CPU.Build.0 = Release|Any CPU
		{886EB712-4275-4A12-AB13-9B0581BDA98E}.Debug|Any CPU.ActiveCfg = Debug|Any CPU
		{886EB712-4275-4A12-AB13-9B0581BDA98E}.Debug|Any CPU.Build.0 = Debug|Any CPU
		{886EB712-4275-4A12-AB13-9B0581BDA98E}.Release|Any CPU.ActiveCfg = Release|Any CPU
		{886EB712-4275-4A12-AB13-9B0581BDA98E}.Release|Any CPU.Build.0 = Release|Any CPU
	EndGlobalSection
	GlobalSection(SolutionProperties) = preSolution
		HideSolutionNode = FALSE
	EndGlobalSection
	GlobalSection(ExtensibilityGlobals) = postSolution
		SolutionGuid = {82989CD0-94C2-43F3-A8F8-D039480DA301}
	EndGlobalSection
EndGlobal
